Microsoft Visual Studio Solution File, Format Version 12.00
# Visual Studio Version 17
VisualStudioVersion = 17.13.35617.110
MinimumVisualStudioVersion = 10.0.40219.1
Project("{2150E333-8FDC-42A3-9474-1A3956D46DE8}") = "01 Core Layer", "01 Core Layer", "{02EA681E-C7D8-13C7-8484-4AC65E1B71E8}"
EndProject
Project("{2150E333-8FDC-42A3-9474-1A3956D46DE8}") = "02 Shared Layer", "02 Shared Layer", "{A1A4DE9A-BFE3-48CC-997D-B9BBA50EDFAF}"
EndProject
Project("{2150E333-8FDC-42A3-9474-1A3956D46DE8}") = "03 Application layer", "03 Application layer", "{68DAC4E5-A9AE-4A8E-B12B-1FE96FF7BCE5}"
EndProject
Project("{2150E333-8FDC-42A3-9474-1A3956D46DE8}") = "04 API Layer", "04 API Layer", "{9DDF7C2E-9386-4753-BE7A-51DF5061AA66}"
EndProject
Project("{2150E333-8FDC-42A3-9474-1A3956D46DE8}") = "06 UI Layer", "06 UI Layer", "{1BA0F6A3-480C-4446-BE83-553463F5FCD6}"
EndProject
Project("{2150E333-8FDC-42A3-9474-1A3956D46DE8}") = "07 Test Layer", "07 Test Layer", "{1041D01A-46AA-4A4D-AEC2-64584023F0CE}"
EndProject
Project("{2150E333-8FDC-42A3-9474-1A3956D46DE8}") = "Solution Items", "Solution Items", "{743D9467-C618-4096-B8D8-DCB313B008AF}"
	ProjectSection(SolutionItems) = preProject
		src\Directory.Build.props = src\Directory.Build.props
		src\global.json = src\global.json
	EndProjectSection
EndProject
Project("{FAE04EC0-301F-11D3-BF4B-00C04F79EFBC}") = "FireJobs.ApiService", "src\FireJobs.ApiService\FireJobs.ApiService.csproj", "{20D7BB4B-2256-2C1D-0CDD-E67ACCB3AB6F}"
EndProject
Project("{FAE04EC0-301F-11D3-BF4B-00C04F79EFBC}") = "FireJobs.ServiceDefaults", "src\FireJobs.ServiceDefaults\FireJobs.ServiceDefaults.csproj", "{5EBD93C0-A388-45C3-FAF8-AF35E10DDAAE}"
EndProject
Project("{FAE04EC0-301F-11D3-BF4B-00C04F79EFBC}") = "FireJobs.HangfireImplementation", "src\FireJobs.HangfireImplementation\FireJobs.HangfireImplementation.csproj", "{6FAFC658-E21C-BF2A-52CB-7C7BDD55DBC6}"
EndProject
Project("{FAE04EC0-301F-11D3-BF4B-00C04F79EFBC}") = "FireJobs.Web", "src\FireJobs.Web\FireJobs.Web.csproj", "{873CF2D8-EA2B-794F-0F4D-5D21B19AE284}"
EndProject
Project("{FAE04EC0-301F-11D3-BF4B-00C04F79EFBC}") = "FireJobs.ConsoleApp", "src\FireJobs.ConsoleApp\FireJobs.ConsoleApp.csproj", "{7112FE0F-D522-BC9B-8E39-B248AAC45981}"
EndProject
Project("{FAE04EC0-301F-11D3-BF4B-00C04F79EFBC}") = "FireJobs.AppHost", "src\FireJobs.AppHost\FireJobs.AppHost.csproj", "{6B53D393-1CB7-7598-2B81-33371B9B2E0F}"
EndProject
Project("{FAE04EC0-301F-11D3-BF4B-00C04F79EFBC}") = "FireJobs.Tests", "Tests\FireJobs.Tests\FireJobs.Tests.csproj", "{CB1D7673-E68D-8E34-6B32-3C205030329C}"
EndProject
Global
	GlobalSection(SolutionConfigurationPlatforms) = preSolution
		Debug|Any CPU = Debug|Any CPU
		Release|Any CPU = Release|Any CPU
	EndGlobalSection
	GlobalSection(ProjectConfigurationPlatforms) = postSolution
		{20D7BB4B-2256-2C1D-0CDD-E67ACCB3AB6F}.Debug|Any CPU.ActiveCfg = Debug|Any CPU
		{20D7BB4B-2256-2C1D-0CDD-E67ACCB3AB6F}.Debug|Any CPU.Build.0 = Debug|Any CPU
		{20D7BB4B-2256-2C1D-0CDD-E67ACCB3AB6F}.Release|Any CPU.ActiveCfg = Release|Any CPU
		{20D7BB4B-2256-2C1D-0CDD-E67ACCB3AB6F}.Release|Any CPU.Build.0 = Release|Any CPU
		{5EBD93C0-A388-45C3-FAF8-AF35E10DDAAE}.Debug|Any CPU.ActiveCfg = Debug|Any CPU
		{5EBD93C0-A388-45C3-FAF8-AF35E10DDAAE}.Debug|Any CPU.Build.0 = Debug|Any CPU
		{5EBD93C0-A388-45C3-FAF8-AF35E10DDAAE}.Release|Any CPU.ActiveCfg = Release|Any CPU
		{5EBD93C0-A388-45C3-FAF8-AF35E10DDAAE}.Release|Any CPU.Build.0 = Release|Any CPU
		{6FAFC658-E21C-BF2A-52CB-7C7BDD55DBC6}.Debug|Any CPU.ActiveCfg = Debug|Any CPU
		{6FAFC658-E21C-BF2A-52CB-7C7BDD55DBC6}.Debug|Any CPU.Build.0 = Debug|Any CPU
		{6FAFC658-E21C-BF2A-52CB-7C7BDD55DBC6}.Release|Any CPU.ActiveCfg = Release|Any CPU
		{6FAFC658-E21C-BF2A-52CB-7C7BDD55DBC6}.Release|Any CPU.Build.0 = Release|Any CPU
		{873CF2D8-EA2B-794F-0F4D-5D21B19AE284}.Debug|Any CPU.ActiveCfg = Debug|Any CPU
		{873CF2D8-EA2B-794F-0F4D-5D21B19AE284}.Debug|Any CPU.Build.0 = Debug|Any CPU
		{873CF2D8-EA2B-794F-0F4D-5D21B19AE284}.Release|Any CPU.ActiveCfg = Release|Any CPU
		{873CF2D8-EA2B-794F-0F4D-5D21B19AE284}.Release|Any CPU.Build.0 = Release|Any CPU
		{7112FE0F-D522-BC9B-8E39-B248AAC45981}.Debug|Any CPU.ActiveCfg = Debug|Any CPU
		{7112FE0F-D522-BC9B-8E39-B248AAC45981}.Debug|Any CPU.Build.0 = Debug|Any CPU
		{7112FE0F-D522-BC9B-8E39-B248AAC45981}.Release|Any CPU.ActiveCfg = Release|Any CPU
		{7112FE0F-D522-BC9B-8E39-B248AAC45981}.Release|Any CPU.Build.0 = Release|Any CPU
		{6B53D393-1CB7-7598-2B81-33371B9B2E0F}.Debug|Any CPU.ActiveCfg = Debug|Any CPU
		{6B53D393-1CB7-7598-2B81-33371B9B2E0F}.Debug|Any CPU.Build.0 = Debug|Any CPU
		{6B53D393-1CB7-7598-2B81-33371B9B2E0F}.Release|Any CPU.ActiveCfg = Release|Any CPU
		{6B53D393-1CB7-7598-2B81-33371B9B2E0F}.Release|Any CPU.Build.0 = Release|Any CPU
		{CB1D7673-E68D-8E34-6B32-3C205030329C}.Debug|Any CPU.ActiveCfg = Debug|Any CPU
		{CB1D7673-E68D-8E34-6B32-3C205030329C}.Debug|Any CPU.Build.0 = Debug|Any CPU
		{CB1D7673-E68D-8E34-6B32-3C205030329C}.Release|Any CPU.ActiveCfg = Release|Any CPU
		{CB1D7673-E68D-8E34-6B32-3C205030329C}.Release|Any CPU.Build.0 = Release|Any CPU
	EndGlobalSection
	GlobalSection(SolutionProperties) = preSolution
		HideSolutionNode = FALSE
	EndGlobalSection
	GlobalSection(NestedProjects) = preSolution
		{20D7BB4B-2256-2C1D-0CDD-E67ACCB3AB6F} = {9DDF7C2E-9386-4753-BE7A-51DF5061AA66}
		{5EBD93C0-A388-45C3-FAF8-AF35E10DDAAE} = {02EA681E-C7D8-13C7-8484-4AC65E1B71E8}
		{6FAFC658-E21C-BF2A-52CB-7C7BDD55DBC6} = {A1A4DE9A-BFE3-48CC-997D-B9BBA50EDFAF}
		{873CF2D8-EA2B-794F-0F4D-5D21B19AE284} = {1BA0F6A3-480C-4446-BE83-553463F5FCD6}
		{7112FE0F-D522-BC9B-8E39-B248AAC45981} = {1BA0F6A3-480C-4446-BE83-553463F5FCD6}
		{6B53D393-1CB7-7598-2B81-33371B9B2E0F} = {1BA0F6A3-480C-4446-BE83-553463F5FCD6}
		{CB1D7673-E68D-8E34-6B32-3C205030329C} = {1041D01A-46AA-4A4D-AEC2-64584023F0CE}
	EndGlobalSection
	GlobalSection(ExtensibilityGlobals) = postSolution
		SolutionGuid = {A689B92E-B724-4158-B28E-B12D354BF20E}
	EndGlobalSection
EndGlobal
